{
  "name": "mozaik-ext-api-pattern",
  "version": "1.0.0",
  "lockfileVersion": 1,
  "requires": true,
  "dependencies": {
    "base-64": {
      "version": "1.0.0",
      "resolved": "https://registry.npmjs.org/base-64/-/base-64-1.0.0.tgz",
      "integrity": "sha512-kwDPIFCGx0NZHog36dj+tHiwP4QMzsZ3AgMViUBKI0+V5n4U0ufTCUMhnQ04diaRI8EX/QcPfql7zlhZ7j4zgg=="
    },
    "eventemitter3": {
      "version": "1.2.0",
      "resolved": "https://registry.npmjs.org/eventemitter3/-/eventemitter3-1.2.0.tgz",
      "integrity": "sha1-HIaZHYFq0eUEdQ5zh0Ik7PO+xQg="
    },
    "node-fetch": {
      "version": "2.6.1",
      "resolved": "https://registry.npmjs.org/node-fetch/-/node-fetch-2.6.1.tgz",
      "integrity": "sha512-V4aYg89jEoVRxRb2fJdAg8FHvI7cEyYdVAh94HH0UIK8oJxUfkjlDQN9RbMx+bEjP7+ggMiFRprSti032Oipxw=="
    },
    "object-assign": {
      "version": "4.1.1",
      "resolved": "https://registry.npmjs.org/object-assign/-/object-assign-4.1.1.tgz",
      "integrity": "sha1-IQmtx5ZYh8/AXLvUQsrIv7s2CGM="
    },
    "react-mixin": {
      "version": "5.0.0",
      "resolved": "https://registry.npmjs.org/react-mixin/-/react-mixin-5.0.0.tgz",
      "integrity": "sha512-bGSF0/jTLDb5yW2BHYfN6PQg7FYRaNLXcUWisedAipL9+avrmrGKXfbOTMjE/heXcbS/po7ESTiahdF7iOKnGw==",
      "requires": {
        "object-assign": "^4.0.1",
        "smart-mixin": "^2.0.0"
      }
    },
    "reflux": {
      "version": "6.4.1",
      "resolved": "https://registry.npmjs.org/reflux/-/reflux-6.4.1.tgz",
      "integrity": "sha1-i7urr/VM8bgiM9Z90lQv2tKo1ng=",
      "requires": {
        "eventemitter3": "^1.1.1",
        "reflux-core": "^1.0.0"
      }
    },
    "reflux-core": {
      "version": "1.0.0",
      "resolved": "https://registry.npmjs.org/reflux-core/-/reflux-core-1.0.0.tgz",
      "integrity": "sha1-65uq4tUIcTJK25MSWDwS4HDNYdM=",
      "requires": {
        "eventemitter3": "^1.1.1"
      }
    },
    "smart-mixin": {
      "version": "2.0.0",
      "resolved": "https://registry.npmjs.org/smart-mixin/-/smart-mixin-2.0.0.tgz",
      "integrity": "sha1-o0oQVeMqdbMNK048oyPcmctT9Dc="
    }
  }
}
